
Microsoft Visual Studio Solution File, Format Version 12.00
# Visual Studio Version 17
VisualStudioVersion = 17.14.36414.22 d17.14
MinimumVisualStudioVersion = 10.0.40219.1
Project("{FAE04EC0-301F-11D3-BF4B-00C04F79EFBC}") = "Week-1", "Week-1\Week-1.csproj", "{7EAE5561-6459-4BC5-8E64-0D33BEC42EC2}"
EndProject
Global
	GlobalSection(SolutionConfigurationPlatforms) = preSolution
		Debug|Any CPU = Debug|Any CPU
		Release|Any CPU = Release|Any CPU
	EndGlobalSection
	GlobalSection(ProjectConfigurationPlatforms) = postSolution
		{7EAE5561-6459-4BC5-8E64-0D33BEC42EC2}.Debug|Any CPU.ActiveCfg = Debug|Any CPU
		{7EAE5561-6459-4BC5-8E64-0D33BEC42EC2}.Debug|Any CPU.Build.0 = Debug|Any CPU
		{7EAE5561-6459-4BC5-8E64-0D33BEC42EC2}.Release|Any CPU.ActiveCfg = Release|Any CPU
		{7EAE5561-6459-4BC5-8E64-0D33BEC42EC2}.Release|Any CPU.Build.0 = Release|Any CPU
	EndGlobalSection
	GlobalSection(SolutionProperties) = preSolution
		HideSolutionNode = FALSE
	EndGlobalSection
	GlobalSection(ExtensibilityGlobals) = postSolution
		SolutionGuid = {5A80A8E6-CB63-494D-AD56-71EBCB7FD2CA}
	EndGlobalSection
EndGlobal
